// !$*UTF8*$!
{
	archiveVersion = 1;
	classes = {
	};
	objectVersion = 56;
	objects = {

/* Begin PBXBuildFile section */
		E00000000000000000000001 /* FreshAlertApp.swift in Sources */ = {isa = PBXBuildFile; fileRef = D00000000000000000000001 /* FreshAlertApp.swift */; };
		E00000000000000000000002 /* ContentView.swift in Sources */ = {isa = PBXBuildFile; fileRef = D00000000000000000000002 /* ContentView.swift */; };
		E00000000000000000000003 /* FoodItem.swift in Sources */ = {isa = PBXBuildFile; fileRef = D00000000000000000000003 /* FoodItem.swift */; };
		E00000000000000000000004 /* StorageLocation.swift in Sources */ = {isa = PBXBuildFile; fileRef = D00000000000000000000004 /* StorageLocation.swift */; };
		E00000000000000000000005 /* DashboardView.swift in Sources */ = {isa = PBXBuildFile; fileRef = D00000000000000000000005 /* DashboardView.swift */; };
		E00000000000000000000006 /* FoodItemCardView.swift in Sources */ = {isa = PBXBuildFile; fileRef = D00000000000000000000006 /* FoodItemCardView.swift */; };
		E00000000000000000000007 /* BarcodeScannerView.swift in Sources */ = {isa = PBXBuildFile; fileRef = D00000000000000000000007 /* BarcodeScannerView.swift */; };
		E00000000000000000000008 /* AddFoodItemView.swift in Sources */ = {isa = PBXBuildFile; fileRef = D00000000000000000000008 /* AddFoodItemView.swift */; };
		E00000000000000000000009 /* StorageLocationsView.swift in Sources */ = {isa = PBXBuildFile; fileRef = D00000000000000000000009 /* StorageLocationsView.swift */; };
		E0000000000000000000000A /* AddStorageLocationView.swift in Sources */ = {isa = PBXBuildFile; fileRef = D0000000000000000000000A /* AddStorageLocationView.swift */; };
		E0000000000000000000000B /* SettingsView.swift in Sources */ = {isa = PBXBuildFile; fileRef = D0000000000000000000000B /* SettingsView.swift */; };
		E0000000000000000000000C /* OpenFoodFactsService.swift in Sources */ = {isa = PBXBuildFile; fileRef = D0000000000000000000000C /* OpenFoodFactsService.swift */; };
		E0000000000000000000000D /* NotificationService.swift in Sources */ = {isa = PBXBuildFile; fileRef = D0000000000000000000000D /* NotificationService.swift */; };
		E0000000000000000000000E /* AppViewModel.swift in Sources */ = {isa = PBXBuildFile; fileRef = D0000000000000000000000E /* AppViewModel.swift */; };
		E0000000000000000000000F /* Assets.xcassets in Resources */ = {isa = PBXBuildFile; fileRef = D0000000000000000000000F /* Assets.xcassets */; };
		E00000000000000000000010 /* WidgetDataStore.swift in Sources */ = {isa = PBXBuildFile; fileRef = D00000000000000000000013 /* WidgetDataStore.swift */; };
		E00000000000000000000011 /* WidgetKit.framework in Frameworks */ = {isa = PBXBuildFile; fileRef = D00000000000000000000018 /* WidgetKit.framework */; settings = {ATTRIBUTES = (Weak, ); }; };
		E00000000000000000000012 /* FreshAlertWidget.appex in Embed Foundation Extensions */ = {isa = PBXBuildFile; fileRef = D00000000000000000000012 /* FreshAlertWidget.appex */; settings = {ATTRIBUTES = (RemoveHeadersOnCopy, ); }; };
		E00000000000000000000020 /* FreshAlertWidget.swift in Sources */ = {isa = PBXBuildFile; fileRef = D00000000000000000000014 /* FreshAlertWidget.swift */; };
		E00000000000000000000021 /* FreshAlertWidgetBundle.swift in Sources */ = {isa = PBXBuildFile; fileRef = D00000000000000000000015 /* FreshAlertWidgetBundle.swift */; };
		E00000000000000000000022 /* MarkAsUsedIntent.swift in Sources */ = {isa = PBXBuildFile; fileRef = D00000000000000000000016 /* MarkAsUsedIntent.swift */; };
		E00000000000000000000023 /* WidgetDataStore.swift in Sources */ = {isa = PBXBuildFile; fileRef = D00000000000000000000013 /* WidgetDataStore.swift */; };
		E00000000000000000000024 /* WidgetKit.framework in Frameworks */ = {isa = PBXBuildFile; fileRef = D00000000000000000000018 /* WidgetKit.framework */; };
		E00000000000000000000025 /* SwiftUI.framework in Frameworks */ = {isa = PBXBuildFile; fileRef = D00000000000000000000019 /* SwiftUI.framework */; };
		E00000000000000000000026 /* AppDelegate.swift in Sources */ = {isa = PBXBuildFile; fileRef = D0000000000000000000001A /* AppDelegate.swift */; };
		E00000000000000000000027 /* OnboardingView.swift in Sources */ = {isa = PBXBuildFile; fileRef = D0000000000000000000001F /* OnboardingView.swift */; };
		E00000000000000000000028 /* StoreManager.swift in Sources */ = {isa = PBXBuildFile; fileRef = D00000000000000000000020 /* StoreManager.swift */; };
		E00000000000000000000029 /* PaywallView.swift in Sources */ = {isa = PBXBuildFile; fileRef = D00000000000000000000021 /* PaywallView.swift */; };
		T00000000000000000000005 /* ExpiryLabelTests.swift in Sources */ = {isa = PBXBuildFile; fileRef = D0000000000000000000001B /* ExpiryLabelTests.swift */; };
/* End PBXBuildFile section */

/* Begin PBXContainerItemProxy section */
		B00000000000000000000004 /* PBXContainerItemProxy */ = {
			isa = PBXContainerItemProxy;
			containerPortal = B00000000000000000000001 /* Project object */;
			proxyType = 1;
			remoteGlobalIDString = B00000000000000000000003;
			remoteInfo = FreshAlertWidget;
		};
/* End PBXContainerItemProxy section */

/* Begin PBXCopyFilesBuildPhase section */
		C00000000000000000000007 /* Embed Foundation Extensions */ = {
			isa = PBXCopyFilesBuildPhase;
			buildActionMask = 2147483647;
			dstPath = "";
			dstSubfolderSpec = 13;
			files = (
				E00000000000000000000012 /* FreshAlertWidget.appex in Embed Foundation Extensions */,
			);
			name = "Embed Foundation Extensions";
			runOnlyForDeploymentPostprocessing = 0;
		};
/* End PBXCopyFilesBuildPhase section */

/* Begin PBXFileReference section */
		D00000000000000000000001 /* FreshAlertApp.swift */ = {isa = PBXFileReference; lastKnownFileType = sourcecode.swift; path = FreshAlertApp.swift; sourceTree = "<group>"; };
		D00000000000000000000002 /* ContentView.swift */ = {isa = PBXFileReference; lastKnownFileType = sourcecode.swift; path = ContentView.swift; sourceTree = "<group>"; };
		D00000000000000000000003 /* FoodItem.swift */ = {isa = PBXFileReference; lastKnownFileType = sourcecode.swift; path = FoodItem.swift; sourceTree = "<group>"; };
		D00000000000000000000004 /* StorageLocation.swift */ = {isa = PBXFileReference; lastKnownFileType = sourcecode.swift; path = StorageLocation.swift; sourceTree = "<group>"; };
		D00000000000000000000005 /* DashboardView.swift */ = {isa = PBXFileReference; lastKnownFileType = sourcecode.swift; path = DashboardView.swift; sourceTree = "<group>"; };
		D00000000000000000000006 /* FoodItemCardView.swift */ = {isa = PBXFileReference; lastKnownFileType = sourcecode.swift; path = FoodItemCardView.swift; sourceTree = "<group>"; };
		D00000000000000000000007 /* BarcodeScannerView.swift */ = {isa = PBXFileReference; lastKnownFileType = sourcecode.swift; path = BarcodeScannerView.swift; sourceTree = "<group>"; };
		D00000000000000000000008 /* AddFoodItemView.swift */ = {isa = PBXFileReference; lastKnownFileType = sourcecode.swift; path = AddFoodItemView.swift; sourceTree = "<group>"; };
		D00000000000000000000009 /* StorageLocationsView.swift */ = {isa = PBXFileReference; lastKnownFileType = sourcecode.swift; path = StorageLocationsView.swift; sourceTree = "<group>"; };
		D0000000000000000000000A /* AddStorageLocationView.swift */ = {isa = PBXFileReference; lastKnownFileType = sourcecode.swift; path = AddStorageLocationView.swift; sourceTree = "<group>"; };
		D0000000000000000000000B /* SettingsView.swift */ = {isa = PBXFileReference; lastKnownFileType = sourcecode.swift; path = SettingsView.swift; sourceTree = "<group>"; };
		D0000000000000000000000C /* OpenFoodFactsService.swift */ = {isa = PBXFileReference; lastKnownFileType = sourcecode.swift; path = OpenFoodFactsService.swift; sourceTree = "<group>"; };
		D0000000000000000000000D /* NotificationService.swift */ = {isa = PBXFileReference; lastKnownFileType = sourcecode.swift; path = NotificationService.swift; sourceTree = "<group>"; };
		D0000000000000000000000E /* AppViewModel.swift */ = {isa = PBXFileReference; lastKnownFileType = sourcecode.swift; path = AppViewModel.swift; sourceTree = "<group>"; };
		D0000000000000000000000F /* Assets.xcassets */ = {isa = PBXFileReference; lastKnownFileType = folder.assetcatalog; path = Assets.xcassets; sourceTree = "<group>"; };
		D00000000000000000000010 /* Info.plist */ = {isa = PBXFileReference; lastKnownFileType = text.plist.xml; path = Info.plist; sourceTree = "<group>"; };
		D00000000000000000000011 /* FreshAlert.app */ = {isa = PBXFileReference; explicitFileType = wrapper.application; includeInIndex = 0; path = FreshAlert.app; sourceTree = BUILT_PRODUCTS_DIR; };
		D00000000000000000000012 /* FreshAlertWidget.appex */ = {isa = PBXFileReference; explicitFileType = "wrapper.app-extension"; includeInIndex = 0; path = FreshAlertWidget.appex; sourceTree = BUILT_PRODUCTS_DIR; };
		D00000000000000000000013 /* WidgetDataStore.swift */ = {isa = PBXFileReference; lastKnownFileType = sourcecode.swift; path = WidgetDataStore.swift; sourceTree = "<group>"; };
		D00000000000000000000014 /* FreshAlertWidget.swift */ = {isa = PBXFileReference; lastKnownFileType = sourcecode.swift; path = FreshAlertWidget.swift; sourceTree = "<group>"; };
		D00000000000000000000015 /* FreshAlertWidgetBundle.swift */ = {isa = PBXFileReference; lastKnownFileType = sourcecode.swift; path = FreshAlertWidgetBundle.swift; sourceTree = "<group>"; };
		D00000000000000000000016 /* MarkAsUsedIntent.swift */ = {isa = PBXFileReference; lastKnownFileType = sourcecode.swift; path = MarkAsUsedIntent.swift; sourceTree = "<group>"; };
		D00000000000000000000017 /* Info.plist */ = {isa = PBXFileReference; lastKnownFileType = text.plist.xml; path = Info.plist; sourceTree = "<group>"; };
		D00000000000000000000018 /* WidgetKit.framework */ = {isa = PBXFileReference; lastKnownFileType = wrapper.framework; name = WidgetKit.framework; path = System/Library/Frameworks/WidgetKit.framework; sourceTree = SDKROOT; };
		D00000000000000000000019 /* SwiftUI.framework */ = {isa = PBXFileReference; lastKnownFileType = wrapper.framework; name = SwiftUI.framework; path = System/Library/Frameworks/SwiftUI.framework; sourceTree = SDKROOT; };
		D0000000000000000000001A /* AppDelegate.swift */ = {isa = PBXFileReference; lastKnownFileType = sourcecode.swift; path = AppDelegate.swift; sourceTree = "<group>"; };
		D0000000000000000000001B /* ExpiryLabelTests.swift */ = {isa = PBXFileReference; lastKnownFileType = sourcecode.swift; path = ExpiryLabelTests.swift; sourceTree = "<group>"; };
		D0000000000000000000001C /* FreshAlertTests.xctest */ = {isa = PBXFileReference; explicitFileType = wrapper.cfbundle; includeInIndex = 0; path = FreshAlertTests.xctest; sourceTree = BUILT_PRODUCTS_DIR; };
		D0000000000000000000001D /* FreshAlert.entitlements */ = {isa = PBXFileReference; lastKnownFileType = text.plist.entitlements; path = FreshAlert.entitlements; sourceTree = "<group>"; };
		D0000000000000000000001E /* FreshAlertWidget.entitlements */ = {isa = PBXFileReference; lastKnownFileType = text.plist.entitlements; path = FreshAlertWidget.entitlements; sourceTree = "<group>"; };
		D0000000000000000000001F /* OnboardingView.swift */ = {isa = PBXFileReference; lastKnownFileType = sourcecode.swift; path = OnboardingView.swift; sourceTree = "<group>"; };
		D00000000000000000000020 /* StoreManager.swift */ = {isa = PBXFileReference; lastKnownFileType = sourcecode.swift; path = StoreManager.swift; sourceTree = "<group>"; };
		D00000000000000000000021 /* PaywallView.swift */ = {isa = PBXFileReference; lastKnownFileType = sourcecode.swift; path = PaywallView.swift; sourceTree = "<group>"; };
		D00000000000000000000022 /* Products.storekit */ = {isa = PBXFileReference; lastKnownFileType = text; path = Products.storekit; sourceTree = "<group>"; };
/* End PBXFileReference section */

/* Begin PBXFrameworksBuildPhase section */
		C00000000000000000000002 /* Frameworks */ = {
			isa = PBXFrameworksBuildPhase;
			buildActionMask = 2147483647;
			files = (
				E00000000000000000000011 /* WidgetKit.framework in Frameworks */,
			);
			runOnlyForDeploymentPostprocessing = 0;
		};
		C00000000000000000000005 /* Frameworks */ = {
			isa = PBXFrameworksBuildPhase;
			buildActionMask = 2147483647;
			files = (
				E00000000000000000000024 /* WidgetKit.framework in Frameworks */,
				E00000000000000000000025 /* SwiftUI.framework in Frameworks */,
			);
			runOnlyForDeploymentPostprocessing = 0;
		};
/* End PBXFrameworksBuildPhase section */

/* Begin PBXGroup section */
		A00000000000000000000001 = {
			isa = PBXGroup;
			children = (
				A00000000000000000000003 /* FreshAlert */,
				A0000000000000000000000C /* FreshAlertWidget */,
				T00000000000000000000004 /* FreshAlertTests */,
				A00000000000000000000002 /* Products */,
				D547F91D2FC05BC80016D1B4 /* Recovered References */,
			);
			sourceTree = "<group>";
		};
		A00000000000000000000002 /* Products */ = {
			isa = PBXGroup;
			children = (
				D00000000000000000000011 /* FreshAlert.app */,
				D00000000000000000000012 /* FreshAlertWidget.appex */,
				D0000000000000000000001C /* FreshAlertTests.xctest */,
			);
			name = Products;
			sourceTree = "<group>";
		};
		A00000000000000000000003 /* FreshAlert */ = {
			isa = PBXGroup;
			children = (
				D00000000000000000000001 /* FreshAlertApp.swift */,
				D00000000000000000000002 /* ContentView.swift */,
				D0000000000000000000001A /* AppDelegate.swift */,
				A00000000000000000000004 /* Models */,
				A00000000000000000000005 /* Views */,
				A0000000000000000000000A /* Services */,
				A0000000000000000000000B /* ViewModels */,
				D0000000000000000000000F /* Assets.xcassets */,
				D00000000000000000000010 /* Info.plist */,
				D0000000000000000000001D /* FreshAlert.entitlements */,
				D00000000000000000000022 /* Products.storekit */,
			);
			path = FreshAlert;
			sourceTree = "<group>";
		};
		A00000000000000000000004 /* Models */ = {
			isa = PBXGroup;
			children = (
				D00000000000000000000003 /* FoodItem.swift */,
				D00000000000000000000004 /* StorageLocation.swift */,
			);
			path = Models;
			sourceTree = "<group>";
		};
		A00000000000000000000005 /* Views */ = {
			isa = PBXGroup;
			children = (
				A00000000000000000000006 /* Dashboard */,
				A00000000000000000000007 /* Scanner */,
				A00000000000000000000008 /* StorageLocations */,
				A00000000000000000000009 /* Settings */,
				A0000000000000000000000D /* Onboarding */,
				A0000000000000000000000E /* Paywall */,
			);
			path = Views;
			sourceTree = "<group>";
		};
		A00000000000000000000006 /* Dashboard */ = {
			isa = PBXGroup;
			children = (
				D00000000000000000000005 /* DashboardView.swift */,
				D00000000000000000000006 /* FoodItemCardView.swift */,
			);
			path = Dashboard;
			sourceTree = "<group>";
		};
		A00000000000000000000007 /* Scanner */ = {
			isa = PBXGroup;
			children = (
				D00000000000000000000007 /* BarcodeScannerView.swift */,
				D00000000000000000000008 /* AddFoodItemView.swift */,
			);
			path = Scanner;
			sourceTree = "<group>";
		};
		A00000000000000000000008 /* StorageLocations */ = {
			isa = PBXGroup;
			children = (
				D00000000000000000000009 /* StorageLocationsView.swift */,
				D0000000000000000000000A /* AddStorageLocationView.swift */,
			);
			path = StorageLocations;
			sourceTree = "<group>";
		};
		A00000000000000000000009 /* Settings */ = {
			isa = PBXGroup;
			children = (
				D0000000000000000000000B /* SettingsView.swift */,
			);
			path = Settings;
			sourceTree = "<group>";
		};
		A0000000000000000000000A /* Services */ = {
			isa = PBXGroup;
			children = (
				D0000000000000000000000C /* OpenFoodFactsService.swift */,
				D0000000000000000000000D /* NotificationService.swift */,
				D00000000000000000000020 /* StoreManager.swift */,
			);
			path = Services;
			sourceTree = "<group>";
		};
		A0000000000000000000000B /* ViewModels */ = {
			isa = PBXGroup;
			children = (
				D0000000000000000000000E /* AppViewModel.swift */,
			);
			path = ViewModels;
			sourceTree = "<group>";
		};
		A0000000000000000000000C /* FreshAlertWidget */ = {
			isa = PBXGroup;
			children = (
				D00000000000000000000014 /* FreshAlertWidget.swift */,
				D00000000000000000000015 /* FreshAlertWidgetBundle.swift */,
				D00000000000000000000016 /* MarkAsUsedIntent.swift */,
				D00000000000000000000013 /* WidgetDataStore.swift */,
				D00000000000000000000017 /* Info.plist */,
				D0000000000000000000001E /* FreshAlertWidget.entitlements */,
			);
			path = FreshAlertWidget;
			sourceTree = "<group>";
		};
		A0000000000000000000000D /* Onboarding */ = {
			isa = PBXGroup;
			children = (
				D0000000000000000000001F /* OnboardingView.swift */,
			);
			path = Onboarding;
			sourceTree = "<group>";
		};
		A0000000000000000000000E /* Paywall */ = {
			isa = PBXGroup;
			children = (
				D00000000000000000000021 /* PaywallView.swift */,
			);
			path = Paywall;
			sourceTree = "<group>";
		};
		D547F91D2FC05BC80016D1B4 /* Recovered References */ = {
			isa = PBXGroup;
			children = (
				D00000000000000000000018 /* WidgetKit.framework */,
				D00000000000000000000019 /* SwiftUI.framework */,
			);
			name = "Recovered References";
			sourceTree = "<group>";
		};
		T00000000000000000000004 /* FreshAlertTests */ = {
			isa = PBXGroup;
			children = (
				D0000000000000000000001B /* ExpiryLabelTests.swift */,
			);
			path = FreshAlertTests;
			sourceTree = "<group>";
		};
/* End PBXGroup section */

/* Begin PBXNativeTarget section */
		B00000000000000000000002 /* FreshAlert */ = {
			isa = PBXNativeTarget;
			buildConfigurationList = F00000000000000000000002 /* Build configuration list for PBXNativeTarget "FreshAlert" */;
			buildPhases = (
				C00000000000000000000001 /* Sources */,
				C00000000000000000000002 /* Frameworks */,
				C00000000000000000000003 /* Resources */,
				C00000000000000000000007 /* Embed Foundation Extensions */,
			);
			buildRules = (
			);
			dependencies = (
				B00000000000000000000005 /* PBXTargetDependency */,
			);
			name = FreshAlert;
			productName = FreshAlert;
			productReference = D00000000000000000000011 /* FreshAlert.app */;
			productType = "com.apple.product-type.application";
		};
		B00000000000000000000003 /* FreshAlertWidget */ = {
			isa = PBXNativeTarget;
			buildConfigurationList = F00000000000000000000009 /* Build configuration list for PBXNativeTarget "FreshAlertWidget" */;
			buildPhases = (
				C00000000000000000000004 /* Sources */,
				C00000000000000000000005 /* Frameworks */,
				C00000000000000000000006 /* Resources */,
			);
			buildRules = (
			);
			dependencies = (
			);
			name = FreshAlertWidget;
			productName = FreshAlertWidget;
			productReference = D00000000000000000000012 /* FreshAlertWidget.appex */;
			productType = "com.apple.product-type.app-extension";
		};
		T00000000000000000000001 /* FreshAlertTests */ = {
			isa = PBXNativeTarget;
			buildConfigurationList = T00000000000000000000008 /* Build configuration list for PBXNativeTarget "FreshAlertTests" */;
			buildPhases = (
				T00000000000000000000002 /* Sources */,
			);
			buildRules = (
			);
			dependencies = (
			);
			name = FreshAlertTests;
			productName = FreshAlertTests;
			productReference = D0000000000000000000001C /* FreshAlertTests.xctest */;
			productType = "com.apple.product-type.bundle.unit-test";
		};
/* End PBXNativeTarget section */

/* Begin PBXProject section */
		B00000000000000000000001 /* Project object */ = {
			isa = PBXProject;
			attributes = {
				BuildIndependentTargetsInParallel = 1;
				LastSwiftUpdateCheck = 1540;
				LastUpgradeCheck = 2640;
				TargetAttributes = {
					B00000000000000000000002 = {
						CreatedOnToolsVersion = 15.4;
					};
					B00000000000000000000003 = {
						CreatedOnToolsVersion = 15.4;
					};
					T00000000000000000000001 = {
						CreatedOnToolsVersion = 15.4;
						TestTargetID = B00000000000000000000002;
					};
				};
			};
			buildConfigurationList = F00000000000000000000001 /* Build configuration list for PBXProject "FreshAlert" */;
			compatibilityVersion = "Xcode 14.0";
			developmentRegion = de;
			hasScannedForEncodings = 0;
			knownRegions = (
				de,
				en,
				Base,
			);
			mainGroup = A00000000000000000000001;
			productRefGroup = A00000000000000000000002 /* Products */;
			projectDirPath = "";
			projectRoot = "";
			targets = (
				B00000000000000000000002 /* FreshAlert */,
				B00000000000000000000003 /* FreshAlertWidget */,
				T00000000000000000000001 /* FreshAlertTests */,
			);
		};
/* End PBXProject section */

/* Begin PBXResourcesBuildPhase section */
		C00000000000000000000003 /* Resources */ = {
			isa = PBXResourcesBuildPhase;
			buildActionMask = 2147483647;
			files = (
				E0000000000000000000000F /* Assets.xcassets in Resources */,
			);
			runOnlyForDeploymentPostprocessing = 0;
		};
		C00000000000000000000006 /* Resources */ = {
			isa = PBXResourcesBuildPhase;
			buildActionMask = 2147483647;
			files = (
			);
			runOnlyForDeploymentPostprocessing = 0;
		};
/* End PBXResourcesBuildPhase section */

/* Begin PBXSourcesBuildPhase section */
		C00000000000000000000001 /* Sources */ = {
			isa = PBXSourcesBuildPhase;
			buildActionMask = 2147483647;
			files = (
				E00000000000000000000001 /* FreshAlertApp.swift in Sources */,
				E00000000000000000000002 /* ContentView.swift in Sources */,
				E00000000000000000000026 /* AppDelegate.swift in Sources */,
				E00000000000000000000027 /* OnboardingView.swift in Sources */,
				E00000000000000000000003 /* FoodItem.swift in Sources */,
				E00000000000000000000004 /* StorageLocation.swift in Sources */,
				E00000000000000000000005 /* DashboardView.swift in Sources */,
				E00000000000000000000006 /* FoodItemCardView.swift in Sources */,
				E00000000000000000000007 /* BarcodeScannerView.swift in Sources */,
				E00000000000000000000008 /* AddFoodItemView.swift in Sources */,
				E00000000000000000000009 /* StorageLocationsView.swift in Sources */,
				E0000000000000000000000A /* AddStorageLocationView.swift in Sources */,
				E0000000000000000000000B /* SettingsView.swift in Sources */,
				E0000000000000000000000C /* OpenFoodFactsService.swift in Sources */,
				E0000000000000000000000D /* NotificationService.swift in Sources */,
				E0000000000000000000000E /* AppViewModel.swift in Sources */,
				E00000000000000000000010 /* WidgetDataStore.swift in Sources */,
				E00000000000000000000028 /* StoreManager.swift in Sources */,
				E00000000000000000000029 /* PaywallView.swift in Sources */,
			);
			runOnlyForDeploymentPostprocessing = 0;
		};
		C00000000000000000000004 /* Sources */ = {
			isa = PBXSourcesBuildPhase;
			buildActionMask = 2147483647;
			files = (
				E00000000000000000000020 /* FreshAlertWidget.swift in Sources */,
				E00000000000000000000021 /* FreshAlertWidgetBundle.swift in Sources */,
				E00000000000000000000022 /* MarkAsUsedIntent.swift in Sources */,
				E00000000000000000000023 /* WidgetDataStore.swift in Sources */,
			);
			runOnlyForDeploymentPostprocessing = 0;
		};
		T00000000000000000000002 /* Sources */ = {
			isa = PBXSourcesBuildPhase;
			buildActionMask = 2147483647;
			files = (
				T00000000000000000000005 /* ExpiryLabelTests.swift in Sources */,
			);
			runOnlyForDeploymentPostprocessing = 0;
		};
/* End PBXSourcesBuildPhase section */

/* Begin PBXTargetDependency section */
		B00000000000000000000005 /* PBXTargetDependency */ = {
			isa = PBXTargetDependency;
			target = B00000000000000000000003 /* FreshAlertWidget */;
			targetProxy = B00000000000000000000004 /* PBXContainerItemProxy */;
		};
/* End PBXTargetDependency section */

/* Begin XCBuildConfiguration section */
		F00000000000000000000003 /* Debug */ = {
			isa = XCBuildConfiguration;
			buildSettings = {
				ALWAYS_SEARCH_USER_PATHS = NO;
				ASSETCATALOG_COMPILER_GENERATE_SWIFT_ASSET_SYMBOL_EXTENSIONS = YES;
				CLANG_ANALYZER_LOCALIZABILITY_NONLOCALIZED = YES;
				CLANG_ANALYZER_NONNULL = YES;
				CLANG_CXX_LANGUAGE_STANDARD = "gnu++20";
				CLANG_ENABLE_MODULES = YES;
				CLANG_ENABLE_OBJC_ARC = YES;
				CLANG_ENABLE_OBJC_WEAK = YES;
				CLANG_WARN_BLOCK_CAPTURE_AUTORELEASING = YES;
				CLANG_WARN_BOOL_CONVERSION = YES;
				CLANG_WARN_COMMA = YES;
				CLANG_WARN_CONSTANT_CONVERSION = YES;
				CLANG_WARN_DEPRECATED_OBJC_IMPLEMENTATIONS = YES;
				CLANG_WARN_EMPTY_BODY = YES;
				CLANG_WARN_ENUM_CONVERSION = YES;
				CLANG_WARN_INFINITE_RECURSION = YES;
				CLANG_WARN_INT_CONVERSION = YES;
				CLANG_WARN_NON_LITERAL_NULL_CONVERSION = YES;
				CLANG_WARN_OBJC_IMPLICIT_RETAIN_SELF = YES;
				CLANG_WARN_OBJC_LITERAL_CONVERSION = YES;
				CLANG_WARN_QUOTED_INCLUDE_IN_FRAMEWORK_HEADER = YES;
				CLANG_WARN_RANGE_LOOP_ANALYSIS = YES;
				CLANG_WARN_STRICT_PROTOTYPES = YES;
				CLANG_WARN_SUSPICIOUS_MOVE = YES;
				CLANG_WARN_UNREACHABLE_CODE = YES;
				CLANG_WARN__DUPLICATE_METHOD_MATCH = YES;
				COPY_PHASE_STRIP = NO;
				DEBUG_INFORMATION_FORMAT = dwarf;
				DEVELOPMENT_TEAM = 92P4377WNF;
				ENABLE_STRICT_OBJC_MSGSEND = YES;
				ENABLE_TESTABILITY = YES;
				ENABLE_USER_SCRIPT_SANDBOXING = YES;
				GCC_C_LANGUAGE_STANDARD = gnu17;
				GCC_DYNAMIC_NO_PIC = NO;
				GCC_NO_COMMON_BLOCKS = YES;
				GCC_OPTIMIZATION_LEVEL = 0;
				GCC_PREPROCESSOR_DEFINITIONS = (
					"DEBUG=1",
					"$(inherited)",
				);
				GCC_WARN_64_TO_32_BIT_CONVERSION = YES;
				GCC_WARN_ABOUT_RETURN_TYPE = YES_ERROR;
				GCC_WARN_UNDECLARED_SELECTOR = YES;
				GCC_WARN_UNINITIALIZED_AUTOS = YES;
				GCC_WARN_UNUSED_FUNCTION = YES;
				GCC_WARN_UNUSED_VARIABLE = YES;
				IPHONEOS_DEPLOYMENT_TARGET = 17.0;
				MTL_ENABLE_DEBUG_INFO = INCLUDE_SOURCE;
				MTL_FAST_MATH = YES;
				ONLY_ACTIVE_ARCH = YES;
				SDKROOT = iphoneos;
				STRING_CATALOG_GENERATE_SYMBOLS = YES;
				SWIFT_ACTIVE_COMPILATION_CONDITIONS = "DEBUG $(inherited)";
				SWIFT_OPTIMIZATION_LEVEL = "-Onone";
			};
			name = Debug;
		};
		F00000000000000000000004 /* Release */ = {
			isa = XCBuildConfiguration;
			buildSettings = {
				ALWAYS_SEARCH_USER_PATHS = NO;
				ASSETCATALOG_COMPILER_GENERATE_SWIFT_ASSET_SYMBOL_EXTENSIONS = YES;
				CLANG_ANALYZER_LOCALIZABILITY_NONLOCALIZED = YES;
				CLANG_ANALYZER_NONNULL = YES;
				CLANG_CXX_LANGUAGE_STANDARD = "gnu++20";
				CLANG_ENABLE_MODULES = YES;
				CLANG_ENABLE_OBJC_ARC = YES;
				CLANG_ENABLE_OBJC_WEAK = YES;
				CLANG_WARN_BLOCK_CAPTURE_AUTORELEASING = YES;
				CLANG_WARN_BOOL_CONVERSION = YES;
				CLANG_WARN_COMMA = YES;
				CLANG_WARN_CONSTANT_CONVERSION = YES;
				CLANG_WARN_DEPRECATED_OBJC_IMPLEMENTATIONS = YES;
				CLANG_WARN_EMPTY_BODY = YES;
				CLANG_WARN_ENUM_CONVERSION = YES;
				CLANG_WARN_INFINITE_RECURSION = YES;
				CLANG_WARN_INT_CONVERSION = YES;
				CLANG_WARN_NON_LITERAL_NULL_CONVERSION = YES;
				CLANG_WARN_OBJC_IMPLICIT_RETAIN_SELF = YES;
				CLANG_WARN_OBJC_LITERAL_CONVERSION = YES;
				CLANG_WARN_QUOTED_INCLUDE_IN_FRAMEWORK_HEADER = YES;
				CLANG_WARN_RANGE_LOOP_ANALYSIS = YES;
				CLANG_WARN_STRICT_PROTOTYPES = YES;
				CLANG_WARN_SUSPICIOUS_MOVE = YES;
				CLANG_WARN_UNREACHABLE_CODE = YES;
				CLANG_WARN__DUPLICATE_METHOD_MATCH = YES;
				COPY_PHASE_STRIP = NO;
				DEBUG_INFORMATION_FORMAT = "dwarf-with-dsym";
				DEVELOPMENT_TEAM = 92P4377WNF;
				ENABLE_NS_ASSERTIONS = NO;
				ENABLE_STRICT_OBJC_MSGSEND = YES;
				ENABLE_USER_SCRIPT_SANDBOXING = YES;
				GCC_C_LANGUAGE_STANDARD = gnu17;
				GCC_NO_COMMON_BLOCKS = YES;
				GCC_WARN_64_TO_32_BIT_CONVERSION = YES;
				GCC_WARN_ABOUT_RETURN_TYPE = YES_ERROR;
				GCC_WARN_UNDECLARED_SELECTOR = YES;
				GCC_WARN_UNINITIALIZED_AUTOS = YES;
				GCC_WARN_UNUSED_FUNCTION = YES;
				GCC_WARN_UNUSED_VARIABLE = YES;
				IPHONEOS_DEPLOYMENT_TARGET = 17.0;
				MTL_FAST_MATH = YES;
				SDKROOT = iphoneos;
				STRING_CATALOG_GENERATE_SYMBOLS = YES;
				SWIFT_COMPILATION_MODE = wholemodule;
				VALIDATE_PRODUCT = YES;
			};
			name = Release;
		};
		F00000000000000000000005 /* Debug */ = {
			isa = XCBuildConfiguration;
			buildSettings = {
				ASSETCATALOG_COMPILER_APPICON_NAME = AppIcon;
				ASSETCATALOG_COMPILER_GLOBAL_ACCENT_COLOR_NAME = AccentColor;
				CODE_SIGN_ENTITLEMENTS = FreshAlert/FreshAlert.entitlements;
				CODE_SIGN_STYLE = Automatic;
				CURRENT_PROJECT_VERSION = 20;
				ENABLE_PREVIEWS = YES;
				GENERATE_INFOPLIST_FILE = NO;
				INFOPLIST_FILE = FreshAlert/Info.plist;
				IPHONEOS_DEPLOYMENT_TARGET = 17.0;
				LD_RUNPATH_SEARCH_PATHS = (
					"$(inherited)",
					"@executable_path/Frameworks",
				);
				MARKETING_VERSION = 1.5.1;
				PRODUCT_BUNDLE_IDENTIFIER = com.freshalert.app;
				PRODUCT_NAME = "$(TARGET_NAME)";
				SWIFT_EMIT_LOC_STRINGS = YES;
				SWIFT_VERSION = 5.0;
				TARGETED_DEVICE_FAMILY = 1;
			};
			name = Debug;
		};
		F00000000000000000000006 /* Release */ = {
			isa = XCBuildConfiguration;
			buildSettings = {
				ASSETCATALOG_COMPILER_APPICON_NAME = AppIcon;
				ASSETCATALOG_COMPILER_GLOBAL_ACCENT_COLOR_NAME = AccentColor;
				CODE_SIGN_ENTITLEMENTS = FreshAlert/FreshAlert.entitlements;
				CODE_SIGN_STYLE = Automatic;
				CURRENT_PROJECT_VERSION = 20;
				ENABLE_PREVIEWS = YES;
				GENERATE_INFOPLIST_FILE = NO;
				INFOPLIST_FILE = FreshAlert/Info.plist;
				IPHONEOS_DEPLOYMENT_TARGET = 17.0;
				LD_RUNPATH_SEARCH_PATHS = (
					"$(inherited)",
					"@executable_path/Frameworks",
				);
				MARKETING_VERSION = 1.5.1;
				PRODUCT_BUNDLE_IDENTIFIER = com.freshalert.app;
				PRODUCT_NAME = "$(TARGET_NAME)";
				SWIFT_EMIT_LOC_STRINGS = YES;
				SWIFT_VERSION = 5.0;
				TARGETED_DEVICE_FAMILY = 1;
			};
			name = Release;
		};
		F00000000000000000000007 /* Debug */ = {
			isa = XCBuildConfiguration;
			buildSettings = {
				APPLICATION_EXTENSION_API_ONLY = YES;
				CODE_SIGN_ENTITLEMENTS = FreshAlertWidget/FreshAlertWidget.entitlements;
				CODE_SIGN_STYLE = Automatic;
				CURRENT_PROJECT_VERSION = 20;
				GENERATE_INFOPLIST_FILE = NO;
				INFOPLIST_FILE = FreshAlertWidget/Info.plist;
				IPHONEOS_DEPLOYMENT_TARGET = 17.0;
				LD_RUNPATH_SEARCH_PATHS = (
					"$(inherited)",
					"@executable_path/Frameworks",
					"@executable_path/../../Frameworks",
				);
				MARKETING_VERSION = 1.5.1;
				PRODUCT_BUNDLE_IDENTIFIER = com.freshalert.app.widget;
				PRODUCT_NAME = FreshAlertWidget;
				SKIP_INSTALL = YES;
				SWIFT_EMIT_LOC_STRINGS = YES;
				SWIFT_VERSION = 5.0;
				TARGETED_DEVICE_FAMILY = 1;
			};
			name = Debug;
		};
		F00000000000000000000008 /* Release */ = {
			isa = XCBuildConfiguration;
			buildSettings = {
				APPLICATION_EXTENSION_API_ONLY = YES;
				CODE_SIGN_ENTITLEMENTS = FreshAlertWidget/FreshAlertWidget.entitlements;
				CODE_SIGN_STYLE = Automatic;
				CURRENT_PROJECT_VERSION = 20;
				GENERATE_INFOPLIST_FILE = NO;
				INFOPLIST_FILE = FreshAlertWidget/Info.plist;
				IPHONEOS_DEPLOYMENT_TARGET = 17.0;
				LD_RUNPATH_SEARCH_PATHS = (
					"$(inherited)",
					"@executable_path/Frameworks",
					"@executable_path/../../Frameworks",
				);
				MARKETING_VERSION = 1.5.1;
				PRODUCT_BUNDLE_IDENTIFIER = com.freshalert.app.widget;
				PRODUCT_NAME = FreshAlertWidget;
				SKIP_INSTALL = YES;
				SWIFT_EMIT_LOC_STRINGS = YES;
				SWIFT_VERSION = 5.0;
				TARGETED_DEVICE_FAMILY = 1;
			};
			name = Release;
		};
		T00000000000000000000006 /* Debug */ = {
			isa = XCBuildConfiguration;
			buildSettings = {
				BUNDLE_LOADER = "$(TEST_HOST)";
				CODE_SIGN_STYLE = Automatic;
				CURRENT_PROJECT_VERSION = 20;
				GENERATE_INFOPLIST_FILE = YES;
				IPHONEOS_DEPLOYMENT_TARGET = 17.0;
				MARKETING_VERSION = 1.5.1;
				PRODUCT_BUNDLE_IDENTIFIER = com.freshalert.FreshAlertTests;
				PRODUCT_NAME = "$(TARGET_NAME)";
				SWIFT_EMIT_LOC_STRINGS = NO;
				SWIFT_VERSION = 5.0;
				TARGETED_DEVICE_FAMILY = 1;
				TEST_HOST = "$(BUILT_PRODUCTS_DIR)/FreshAlert.app/$(BUNDLE_EXECUTABLE_FOLDER_PATH)/FreshAlert";
			};
			name = Debug;
		};
		T00000000000000000000007 /* Release */ = {
			isa = XCBuildConfiguration;
			buildSettings = {
				BUNDLE_LOADER = "$(TEST_HOST)";
				CODE_SIGN_STYLE = Automatic;
				CURRENT_PROJECT_VERSION = 20;
				GENERATE_INFOPLIST_FILE = YES;
				IPHONEOS_DEPLOYMENT_TARGET = 17.0;
				MARKETING_VERSION = 1.5.1;
				PRODUCT_BUNDLE_IDENTIFIER = com.freshalert.FreshAlertTests;
				PRODUCT_NAME = "$(TARGET_NAME)";
				SWIFT_EMIT_LOC_STRINGS = NO;
				SWIFT_VERSION = 5.0;
				TARGETED_DEVICE_FAMILY = 1;
				TEST_HOST = "$(BUILT_PRODUCTS_DIR)/FreshAlert.app/$(BUNDLE_EXECUTABLE_FOLDER_PATH)/FreshAlert";
			};
			name = Release;
		};
/* End XCBuildConfiguration section */

/* Begin XCConfigurationList section */
		F00000000000000000000001 /* Build configuration list for PBXProject "FreshAlert" */ = {
			isa = XCConfigurationList;
			buildConfigurations = (
				F00000000000000000000003 /* Debug */,
				F00000000000000000000004 /* Release */,
			);
			defaultConfigurationIsVisible = 0;
			defaultConfigurationName = Release;
		};
		F00000000000000000000002 /* Build configuration list for PBXNativeTarget "FreshAlert" */ = {
			isa = XCConfigurationList;
			buildConfigurations = (
				F00000000000000000000005 /* Debug */,
				F00000000000000000000006 /* Release */,
			);
			defaultConfigurationIsVisible = 0;
			defaultConfigurationName = Release;
		};
		F00000000000000000000009 /* Build configuration list for PBXNativeTarget "FreshAlertWidget" */ = {
			isa = XCConfigurationList;
			buildConfigurations = (
				F00000000000000000000007 /* Debug */,
				F00000000000000000000008 /* Release */,
			);
			defaultConfigurationIsVisible = 0;
			defaultConfigurationName = Release;
		};
		T00000000000000000000008 /* Build configuration list for PBXNativeTarget "FreshAlertTests" */ = {
			isa = XCConfigurationList;
			buildConfigurations = (
				T00000000000000000000006 /* Debug */,
				T00000000000000000000007 /* Release */,
			);
			defaultConfigurationIsVisible = 0;
			defaultConfigurationName = Release;
		};
/* End XCConfigurationList section */
	};
	rootObject = B00000000000000000000001 /* Project object */;
}
